// !$*UTF8*$!
{
	archiveVersion = 1;
	classes = {
	};
	objectVersion = 46;
	objects = {

/* Begin PBXBuildFile section */
		2FBE0DA02DDDA2FDF6BB82FB /* Pods_Onigiri.framework in Frameworks */ = {isa = PBXBuildFile; fileRef = C9E4381A5C82326AF5E66726 /* Pods_Onigiri.framework */; };
		496C88ACA5856CB1BC55F7C5 /* Pods_OnigiriUITests.framework in Frameworks */ = {isa = PBXBuildFile; fileRef = 79698DB0414797C2694709F7 /* Pods_OnigiriUITests.framework */; };
		C3FF7DD1F4680A0256C5A438 /* Pods_OnigiriTests.framework in Frameworks */ = {isa = PBXBuildFile; fileRef = 998DA52F0A4DEDC42AA3A989 /* Pods_OnigiriTests.framework */; };
		D24DE3531FBAAC760006DF9E /* AppDelegate.swift in Sources */ = {isa = PBXBuildFile; fileRef = D24DE3521FBAAC760006DF9E /* AppDelegate.swift */; };
		D24DE3551FBAAC760006DF9E /* ViewController.swift in Sources */ = {isa = PBXBuildFile; fileRef = D24DE3541FBAAC760006DF9E /* ViewController.swift */; };
		D24DE3581FBAAC760006DF9E /* Main.storyboard in Resources */ = {isa = PBXBuildFile; fileRef = D24DE3561FBAAC760006DF9E /* Main.storyboard */; };
		D24DE35A1FBAAC760006DF9E /* Assets.xcassets in Resources */ = {isa = PBXBuildFile; fileRef = D24DE3591FBAAC760006DF9E /* Assets.xcassets */; };
		D24DE35D1FBAAC760006DF9E /* LaunchScreen.storyboard in Resources */ = {isa = PBXBuildFile; fileRef = D24DE35B1FBAAC760006DF9E /* LaunchScreen.storyboard */; };
		D24DE3681FBAAC760006DF9E /* OnigiriTests.swift in Sources */ = {isa = PBXBuildFile; fileRef = D24DE3671FBAAC760006DF9E /* OnigiriTests.swift */; };
		D24DE3731FBAAC760006DF9E /* OnigiriUITests.swift in Sources */ = {isa = PBXBuildFile; fileRef = D24DE3721FBAAC760006DF9E /* OnigiriUITests.swift */; };
		D24DE3821FBAB2B40006DF9E /* UIViewControllerExtension.swift in Sources */ = {isa = PBXBuildFile; fileRef = D24DE3801FBAB2B40006DF9E /* UIViewControllerExtension.swift */; };
		D24DE3831FBAB2B40006DF9E /* UIColorExtension.swift in Sources */ = {isa = PBXBuildFile; fileRef = D24DE3811FBAB2B40006DF9E /* UIColorExtension.swift */; };
		D24DE3871FBAB2C20006DF9E /* ExTableViewController.swift in Sources */ = {isa = PBXBuildFile; fileRef = D24DE3841FBAB2C20006DF9E /* ExTableViewController.swift */; };
		D24DE3881FBAB2C20006DF9E /* ExNavigationViewController.swift in Sources */ = {isa = PBXBuildFile; fileRef = D24DE3851FBAB2C20006DF9E /* ExNavigationViewController.swift */; };
		D24DE3891FBAB2C20006DF9E /* ExTabBarController.swift in Sources */ = {isa = PBXBuildFile; fileRef = D24DE3861FBAB2C20006DF9E /* ExTabBarController.swift */; };
/* End PBXBuildFile section */

/* Begin PBXContainerItemProxy section */
		D24DE3641FBAAC760006DF9E /* PBXContainerItemProxy */ = {
			isa = PBXContainerItemProxy;
			containerPortal = D24DE3471FBAAC760006DF9E /* Project object */;
			proxyType = 1;
			remoteGlobalIDString = D24DE34E1FBAAC760006DF9E;
			remoteInfo = Onigiri;
		};
		D24DE36F1FBAAC760006DF9E /* PBXContainerItemProxy */ = {
			isa = PBXContainerItemProxy;
			containerPortal = D24DE3471FBAAC760006DF9E /* Project object */;
			proxyType = 1;
			remoteGlobalIDString = D24DE34E1FBAAC760006DF9E;
			remoteInfo = Onigiri;
		};
/* End PBXContainerItemProxy section */

/* Begin PBXFileReference section */
		6B77671E8E410A7FC23A5B59 /* Pods-OnigiriUITests.debug.xcconfig */ = {isa = PBXFileReference; includeInIndex = 1; lastKnownFileType = text.xcconfig; name = "Pods-OnigiriUITests.debug.xcconfig"; path = "Pods/Target Support Files/Pods-OnigiriUITests/Pods-OnigiriUITests.debug.xcconfig"; sourceTree = "<group>"; };
		79698DB0414797C2694709F7 /* Pods_OnigiriUITests.framework */ = {isa = PBXFileReference; explicitFileType = wrapper.framework; includeInIndex = 0; path = Pods_OnigiriUITests.framework; sourceTree = BUILT_PRODUCTS_DIR; };
		8D7CCCAF5A05FB5D821E358A /* Pods-OnigiriTests.release.xcconfig */ = {isa = PBXFileReference; includeInIndex = 1; lastKnownFileType = text.xcconfig; name = "Pods-OnigiriTests.release.xcconfig"; path = "Pods/Target Support Files/Pods-OnigiriTests/Pods-OnigiriTests.release.xcconfig"; sourceTree = "<group>"; };
		998DA52F0A4DEDC42AA3A989 /* Pods_OnigiriTests.framework */ = {isa = PBXFileReference; explicitFileType = wrapper.framework; includeInIndex = 0; path = Pods_OnigiriTests.framework; sourceTree = BUILT_PRODUCTS_DIR; };
		A5597DB307EEDE66A55091E1 /* Pods-OnigiriTests.debug.xcconfig */ = {isa = PBXFileReference; includeInIndex = 1; lastKnownFileType = text.xcconfig; name = "Pods-OnigiriTests.debug.xcconfig"; path = "Pods/Target Support Files/Pods-OnigiriTests/Pods-OnigiriTests.debug.xcconfig"; sourceTree = "<group>"; };
		C9E4381A5C82326AF5E66726 /* Pods_Onigiri.framework */ = {isa = PBXFileReference; explicitFileType = wrapper.framework; includeInIndex = 0; path = Pods_Onigiri.framework; sourceTree = BUILT_PRODUCTS_DIR; };
		D21D1F3CE11DD00EF8004BA8 /* Pods-Onigiri.release.xcconfig */ = {isa = PBXFileReference; includeInIndex = 1; lastKnownFileType = text.xcconfig; name = "Pods-Onigiri.release.xcconfig"; path = "Pods/Target Support Files/Pods-Onigiri/Pods-Onigiri.release.xcconfig"; sourceTree = "<group>"; };
		D24DE34F1FBAAC760006DF9E /* Onigiri.app */ = {isa = PBXFileReference; explicitFileType = wrapper.application; includeInIndex = 0; path = Onigiri.app; sourceTree = BUILT_PRODUCTS_DIR; };
		D24DE3521FBAAC760006DF9E /* AppDelegate.swift */ = {isa = PBXFileReference; lastKnownFileType = sourcecode.swift; path = AppDelegate.swift; sourceTree = "<group>"; };
		D24DE3541FBAAC760006DF9E /* ViewController.swift */ = {isa = PBXFileReference; lastKnownFileType = sourcecode.swift; path = ViewController.swift; sourceTree = "<group>"; };
		D24DE3571FBAAC760006DF9E /* Base */ = {isa = PBXFileReference; lastKnownFileType = file.storyboard; name = Base; path = Base.lproj/Main.storyboard; sourceTree = "<group>"; };
		D24DE3591FBAAC760006DF9E /* Assets.xcassets */ = {isa = PBXFileReference; lastKnownFileType = folder.assetcatalog; path = Assets.xcassets; sourceTree = "<group>"; };
		D24DE35C1FBAAC760006DF9E /* Base */ = {isa = PBXFileReference; lastKnownFileType = file.storyboard; name = Base; path = Base.lproj/LaunchScreen.storyboard; sourceTree = "<group>"; };
		D24DE35E1FBAAC760006DF9E /* Info.plist */ = {isa = PBXFileReference; lastKnownFileType = text.plist.xml; path = Info.plist; sourceTree = "<group>"; };
		D24DE3631FBAAC760006DF9E /* OnigiriTests.xctest */ = {isa = PBXFileReference; explicitFileType = wrapper.cfbundle; includeInIndex = 0; path = OnigiriTests.xctest; sourceTree = BUILT_PRODUCTS_DIR; };
		D24DE3671FBAAC760006DF9E /* OnigiriTests.swift */ = {isa = PBXFileReference; lastKnownFileType = sourcecode.swift; path = OnigiriTests.swift; sourceTree = "<group>"; };
		D24DE3691FBAAC760006DF9E /* Info.plist */ = {isa = PBXFileReference; lastKnownFileType = text.plist.xml; path = Info.plist; sourceTree = "<group>"; };
		D24DE36E1FBAAC760006DF9E /* OnigiriUITests.xctest */ = {isa = PBXFileReference; explicitFileType = wrapper.cfbundle; includeInIndex = 0; path = OnigiriUITests.xctest; sourceTree = BUILT_PRODUCTS_DIR; };
		D24DE3721FBAAC760006DF9E /* OnigiriUITests.swift */ = {isa = PBXFileReference; lastKnownFileType = sourcecode.swift; path = OnigiriUITests.swift; sourceTree = "<group>"; };
		D24DE3741FBAAC760006DF9E /* Info.plist */ = {isa = PBXFileReference; lastKnownFileType = text.plist.xml; path = Info.plist; sourceTree = "<group>"; };
		D24DE3801FBAB2B40006DF9E /* UIViewControllerExtension.swift */ = {isa = PBXFileReference; fileEncoding = 4; lastKnownFileType = sourcecode.swift; path = UIViewControllerExtension.swift; sourceTree = "<group>"; };
		D24DE3811FBAB2B40006DF9E /* UIColorExtension.swift */ = {isa = PBXFileReference; fileEncoding = 4; lastKnownFileType = sourcecode.swift; path = UIColorExtension.swift; sourceTree = "<group>"; };
		D24DE3841FBAB2C20006DF9E /* ExTableViewController.swift */ = {isa = PBXFileReference; fileEncoding = 4; lastKnownFileType = sourcecode.swift; path = ExTableViewController.swift; sourceTree = "<group>"; };
		D24DE3851FBAB2C20006DF9E /* ExNavigationViewController.swift */ = {isa = PBXFileReference; fileEncoding = 4; lastKnownFileType = sourcecode.swift; path = ExNavigationViewController.swift; sourceTree = "<group>"; };
		D24DE3861FBAB2C20006DF9E /* ExTabBarController.swift */ = {isa = PBXFileReference; fileEncoding = 4; lastKnownFileType = sourcecode.swift; path = ExTabBarController.swift; sourceTree = "<group>"; };
		EBF88E551974D99BC5C12756 /* Pods-OnigiriUITests.release.xcconfig */ = {isa = PBXFileReference; includeInIndex = 1; lastKnownFileType = text.xcconfig; name = "Pods-OnigiriUITests.release.xcconfig"; path = "Pods/Target Support Files/Pods-OnigiriUITests/Pods-OnigiriUITests.release.xcconfig"; sourceTree = "<group>"; };
		FB76A9B8C293E1AC5D4D9809 /* Pods-Onigiri.debug.xcconfig */ = {isa = PBXFileReference; includeInIndex = 1; lastKnownFileType = text.xcconfig; name = "Pods-Onigiri.debug.xcconfig"; path = "Pods/Target Support Files/Pods-Onigiri/Pods-Onigiri.debug.xcconfig"; sourceTree = "<group>"; };
/* End PBXFileReference section */

/* Begin PBXFrameworksBuildPhase section */
		D24DE34C1FBAAC760006DF9E /* Frameworks */ = {
			isa = PBXFrameworksBuildPhase;
			buildActionMask = 2147483647;
			files = (
				2FBE0DA02DDDA2FDF6BB82FB /* Pods_Onigiri.framework in Frameworks */,
			);
			runOnlyForDeploymentPostprocessing = 0;
		};
		D24DE3601FBAAC760006DF9E /* Frameworks */ = {
			isa = PBXFrameworksBuildPhase;
			buildActionMask = 2147483647;
			files = (
				C3FF7DD1F4680A0256C5A438 /* Pods_OnigiriTests.framework in Frameworks */,
			);
			runOnlyForDeploymentPostprocessing = 0;
		};
		D24DE36B1FBAAC760006DF9E /* Frameworks */ = {
			isa = PBXFrameworksBuildPhase;
			buildActionMask = 2147483647;
			files = (
				496C88ACA5856CB1BC55F7C5 /* Pods_OnigiriUITests.framework in Frameworks */,
			);
			runOnlyForDeploymentPostprocessing = 0;
		};
/* End PBXFrameworksBuildPhase section */

/* Begin PBXGroup section */
		0C94E423988E871F3CD940E5 /* Frameworks */ = {
			isa = PBXGroup;
			children = (
				C9E4381A5C82326AF5E66726 /* Pods_Onigiri.framework */,
				998DA52F0A4DEDC42AA3A989 /* Pods_OnigiriTests.framework */,
				79698DB0414797C2694709F7 /* Pods_OnigiriUITests.framework */,
			);
			name = Frameworks;
			sourceTree = "<group>";
		};
		B781A904AC0B3B4819097565 /* Pods */ = {
			isa = PBXGroup;
			children = (
				FB76A9B8C293E1AC5D4D9809 /* Pods-Onigiri.debug.xcconfig */,
				D21D1F3CE11DD00EF8004BA8 /* Pods-Onigiri.release.xcconfig */,
				A5597DB307EEDE66A55091E1 /* Pods-OnigiriTests.debug.xcconfig */,
				8D7CCCAF5A05FB5D821E358A /* Pods-OnigiriTests.release.xcconfig */,
				6B77671E8E410A7FC23A5B59 /* Pods-OnigiriUITests.debug.xcconfig */,
				EBF88E551974D99BC5C12756 /* Pods-OnigiriUITests.release.xcconfig */,
			);
			name = Pods;
			sourceTree = "<group>";
		};
		D24DE3461FBAAC760006DF9E = {
			isa = PBXGroup;
			children = (
				D24DE3511FBAAC760006DF9E /* Onigiri */,
				D24DE3661FBAAC760006DF9E /* OnigiriTests */,
				D24DE3711FBAAC760006DF9E /* OnigiriUITests */,
				D24DE3501FBAAC760006DF9E /* Products */,
				B781A904AC0B3B4819097565 /* Pods */,
				0C94E423988E871F3CD940E5 /* Frameworks */,
			);
			sourceTree = "<group>";
		};
		D24DE3501FBAAC760006DF9E /* Products */ = {
			isa = PBXGroup;
			children = (
				D24DE34F1FBAAC760006DF9E /* Onigiri.app */,
				D24DE3631FBAAC760006DF9E /* OnigiriTests.xctest */,
				D24DE36E1FBAAC760006DF9E /* OnigiriUITests.xctest */,
			);
			name = Products;
			sourceTree = "<group>";
		};
		D24DE3511FBAAC760006DF9E /* Onigiri */ = {
			isa = PBXGroup;
			children = (
				D24DE3801FBAB2B40006DF9E /* UIViewControllerExtension.swift */,
				D24DE3811FBAB2B40006DF9E /* UIColorExtension.swift */,
				D24DE3841FBAB2C20006DF9E /* ExTableViewController.swift */,
				D24DE3851FBAB2C20006DF9E /* ExNavigationViewController.swift */,
				D24DE3861FBAB2C20006DF9E /* ExTabBarController.swift */,
				D24DE3521FBAAC760006DF9E /* AppDelegate.swift */,
				D24DE3541FBAAC760006DF9E /* ViewController.swift */,
				D24DE3561FBAAC760006DF9E /* Main.storyboard */,
				D24DE3591FBAAC760006DF9E /* Assets.xcassets */,
				D24DE35B1FBAAC760006DF9E /* LaunchScreen.storyboard */,
				D24DE35E1FBAAC760006DF9E /* Info.plist */,
			);
			path = Onigiri;
			sourceTree = "<group>";
		};
		D24DE3661FBAAC760006DF9E /* OnigiriTests */ = {
			isa = PBXGroup;
			children = (
				D24DE3671FBAAC760006DF9E /* OnigiriTests.swift */,
				D24DE3691FBAAC760006DF9E /* Info.plist */,
			);
			path = OnigiriTests;
			sourceTree = "<group>";
		};
		D24DE3711FBAAC760006DF9E /* OnigiriUITests */ = {
			isa = PBXGroup;
			children = (
				D24DE3721FBAAC760006DF9E /* OnigiriUITests.swift */,
				D24DE3741FBAAC760006DF9E /* Info.plist */,
			);
			path = OnigiriUITests;
			sourceTree = "<group>";
		};
/* End PBXGroup section */

/* Begin PBXNativeTarget section */
		D24DE34E1FBAAC760006DF9E /* Onigiri */ = {
			isa = PBXNativeTarget;
			buildConfigurationList = D24DE3771FBAAC760006DF9E /* Build configuration list for PBXNativeTarget "Onigiri" */;
			buildPhases = (
				ED05624237609309CBA6DDE8 /* [CP] Check Pods Manifest.lock */,
				D24DE34B1FBAAC760006DF9E /* Sources */,
				D24DE34C1FBAAC760006DF9E /* Frameworks */,
				D24DE34D1FBAAC760006DF9E /* Resources */,
				F8B72D1F8EB1E8F2D8F2B8C1 /* [CP] Embed Pods Frameworks */,
				3FC091C84FC8E324FEA7155B /* [CP] Copy Pods Resources */,
			);
			buildRules = (
			);
			dependencies = (
			);
			name = Onigiri;
			productName = Onigiri;
			productReference = D24DE34F1FBAAC760006DF9E /* Onigiri.app */;
			productType = "com.apple.product-type.application";
		};
		D24DE3621FBAAC760006DF9E /* OnigiriTests */ = {
			isa = PBXNativeTarget;
			buildConfigurationList = D24DE37A1FBAAC760006DF9E /* Build configuration list for PBXNativeTarget "OnigiriTests" */;
			buildPhases = (
				D4BDDCE762CE18A1817FA7DA /* [CP] Check Pods Manifest.lock */,
				D24DE35F1FBAAC760006DF9E /* Sources */,
				D24DE3601FBAAC760006DF9E /* Frameworks */,
				D24DE3611FBAAC760006DF9E /* Resources */,
				1CCC9FD13B33762E6860D98B /* [CP] Embed Pods Frameworks */,
				A4453F8CB6CF264CE0F2AD9D /* [CP] Copy Pods Resources */,
			);
			buildRules = (
			);
			dependencies = (
				D24DE3651FBAAC760006DF9E /* PBXTargetDependency */,
			);
			name = OnigiriTests;
			productName = OnigiriTests;
			productReference = D24DE3631FBAAC760006DF9E /* OnigiriTests.xctest */;
			productType = "com.apple.product-type.bundle.unit-test";
		};
		D24DE36D1FBAAC760006DF9E /* OnigiriUITests */ = {
			isa = PBXNativeTarget;
			buildConfigurationList = D24DE37D1FBAAC760006DF9E /* Build configuration list for PBXNativeTarget "OnigiriUITests" */;
			buildPhases = (
				C56A0DA1C14E76BDEB87C506 /* [CP] Check Pods Manifest.lock */,
				D24DE36A1FBAAC760006DF9E /* Sources */,
				D24DE36B1FBAAC760006DF9E /* Frameworks */,
				D24DE36C1FBAAC760006DF9E /* Resources */,
				1E5F62FA16F68F028D36796D /* [CP] Embed Pods Frameworks */,
				634B4E5163EC2F123D9C5BC0 /* [CP] Copy Pods Resources */,
			);
			buildRules = (
			);
			dependencies = (
				D24DE3701FBAAC760006DF9E /* PBXTargetDependency */,
			);
			name = OnigiriUITests;
			productName = OnigiriUITests;
			productReference = D24DE36E1FBAAC760006DF9E /* OnigiriUITests.xctest */;
			productType = "com.apple.product-type.bundle.ui-testing";
		};
/* End PBXNativeTarget section */

/* Begin PBXProject section */
		D24DE3471FBAAC760006DF9E /* Project object */ = {
			isa = PBXProject;
			attributes = {
				LastSwiftUpdateCheck = 0830;
				LastUpgradeCheck = 0830;
				ORGANIZATIONNAME = NagaoLab;
				TargetAttributes = {
					D24DE34E1FBAAC760006DF9E = {
						CreatedOnToolsVersion = 8.3.3;
						DevelopmentTeam = 3BTZN69U72;
						ProvisioningStyle = Manual;
					};
					D24DE3621FBAAC760006DF9E = {
						CreatedOnToolsVersion = 8.3.3;
						DevelopmentTeam = 3BTZN69U72;
						ProvisioningStyle = Automatic;
						TestTargetID = D24DE34E1FBAAC760006DF9E;
					};
					D24DE36D1FBAAC760006DF9E = {
						CreatedOnToolsVersion = 8.3.3;
						DevelopmentTeam = 3BTZN69U72;
						ProvisioningStyle = Automatic;
						TestTargetID = D24DE34E1FBAAC760006DF9E;
					};
				};
			};
			buildConfigurationList = D24DE34A1FBAAC760006DF9E /* Build configuration list for PBXProject "Onigiri" */;
			compatibilityVersion = "Xcode 3.2";
			developmentRegion = English;
			hasScannedForEncodings = 0;
			knownRegions = (
				en,
				Base,
			);
			mainGroup = D24DE3461FBAAC760006DF9E;
			productRefGroup = D24DE3501FBAAC760006DF9E /* Products */;
			projectDirPath = "";
			projectRoot = "";
			targets = (
				D24DE34E1FBAAC760006DF9E /* Onigiri */,
				D24DE3621FBAAC760006DF9E /* OnigiriTests */,
				D24DE36D1FBAAC760006DF9E /* OnigiriUITests */,
			);
		};
/* End PBXProject section */

/* Begin PBXResourcesBuildPhase section */
		D24DE34D1FBAAC760006DF9E /* Resources */ = {
			isa = PBXResourcesBuildPhase;
			buildActionMask = 2147483647;
			files = (
				D24DE35D1FBAAC760006DF9E /* LaunchScreen.storyboard in Resources */,
				D24DE35A1FBAAC760006DF9E /* Assets.xcassets in Resources */,
				D24DE3581FBAAC760006DF9E /* Main.storyboard in Resources */,
			);
			runOnlyForDeploymentPostprocessing = 0;
		};
		D24DE3611FBAAC760006DF9E /* Resources */ = {
			isa = PBXResourcesBuildPhase;
			buildActionMask = 2147483647;
			files = (
			);
			runOnlyForDeploymentPostprocessing = 0;
		};
		D24DE36C1FBAAC760006DF9E /* Resources */ = {
			isa = PBXResourcesBuildPhase;
			buildActionMask = 2147483647;
			files = (
			);
			runOnlyForDeploymentPostprocessing = 0;
		};
/* End PBXResourcesBuildPhase section */

/* Begin PBXShellScriptBuildPhase section */
		1CCC9FD13B33762E6860D98B /* [CP] Embed Pods Frameworks */ = {
			isa = PBXShellScriptBuildPhase;
			buildActionMask = 2147483647;
			files = (
			);
			inputPaths = (
			);
			name = "[CP] Embed Pods Frameworks";
			outputPaths = (
			);
			runOnlyForDeploymentPostprocessing = 0;
			shellPath = /bin/sh;
			shellScript = "\"${SRCROOT}/Pods/Target Support Files/Pods-OnigiriTests/Pods-OnigiriTests-frameworks.sh\"\n";
			showEnvVarsInLog = 0;
		};
		1E5F62FA16F68F028D36796D /* [CP] Embed Pods Frameworks */ = {
			isa = PBXShellScriptBuildPhase;
			buildActionMask = 2147483647;
			files = (
			);
			inputPaths = (
			);
			name = "[CP] Embed Pods Frameworks";
			outputPaths = (
			);
			runOnlyForDeploymentPostprocessing = 0;
			shellPath = /bin/sh;
			shellScript = "\"${SRCROOT}/Pods/Target Support Files/Pods-OnigiriUITests/Pods-OnigiriUITests-frameworks.sh\"\n";
			showEnvVarsInLog = 0;
		};
		3FC091C84FC8E324FEA7155B /* [CP] Copy Pods Resources */ = {
			isa = PBXShellScriptBuildPhase;
			buildActionMask = 2147483647;
			files = (
			);
			inputPaths = (
			);
			name = "[CP] Copy Pods Resources";
			outputPaths = (
			);
			runOnlyForDeploymentPostprocessing = 0;
			shellPath = /bin/sh;
			shellScript = "\"${SRCROOT}/Pods/Target Support Files/Pods-Onigiri/Pods-Onigiri-resources.sh\"\n";
			showEnvVarsInLog = 0;
		};
		634B4E5163EC2F123D9C5BC0 /* [CP] Copy Pods Resources */ = {
			isa = PBXShellScriptBuildPhase;
			buildActionMask = 2147483647;
			files = (
			);
			inputPaths = (
			);
			name = "[CP] Copy Pods Resources";
			outputPaths = (
			);
			runOnlyForDeploymentPostprocessing = 0;
			shellPath = /bin/sh;
			shellScript = "\"${SRCROOT}/Pods/Target Support Files/Pods-OnigiriUITests/Pods-OnigiriUITests-resources.sh\"\n";
			showEnvVarsInLog = 0;
		};
		A4453F8CB6CF264CE0F2AD9D /* [CP] Copy Pods Resources */ = {
			isa = PBXShellScriptBuildPhase;
			buildActionMask = 2147483647;
			files = (
			);
			inputPaths = (
			);
			name = "[CP] Copy Pods Resources";
			outputPaths = (
			);
			runOnlyForDeploymentPostprocessing = 0;
			shellPath = /bin/sh;
			shellScript = "\"${SRCROOT}/Pods/Target Support Files/Pods-OnigiriTests/Pods-OnigiriTests-resources.sh\"\n";
			showEnvVarsInLog = 0;
		};
		C56A0DA1C14E76BDEB87C506 /* [CP] Check Pods Manifest.lock */ = {
			isa = PBXShellScriptBuildPhase;
			buildActionMask = 2147483647;
			files = (
			);
			inputPaths = (
			);
			name = "[CP] Check Pods Manifest.lock";
			outputPaths = (
			);
			runOnlyForDeploymentPostprocessing = 0;
			shellPath = /bin/sh;
			shellScript = "diff \"${PODS_PODFILE_DIR_PATH}/Podfile.lock\" \"${PODS_ROOT}/Manifest.lock\" > /dev/null\nif [ $? != 0 ] ; then\n    # print error to STDERR\n    echo \"error: The sandbox is not in sync with the Podfile.lock. Run 'pod install' or update your CocoaPods installation.\" >&2\n    exit 1\nfi\n";
			showEnvVarsInLog = 0;
		};
		D4BDDCE762CE18A1817FA7DA /* [CP] Check Pods Manifest.lock */ = {
			isa = PBXShellScriptBuildPhase;
			buildActionMask = 2147483647;
			files = (
			);
			inputPaths = (
			);
			name = "[CP] Check Pods Manifest.lock";
			outputPaths = (
			);
			runOnlyForDeploymentPostprocessing = 0;
			shellPath = /bin/sh;
			shellScript = "diff \"${PODS_PODFILE_DIR_PATH}/Podfile.lock\" \"${PODS_ROOT}/Manifest.lock\" > /dev/null\nif [ $? != 0 ] ; then\n    # print error to STDERR\n    echo \"error: The sandbox is not in sync with the Podfile.lock. Run 'pod install' or update your CocoaPods installation.\" >&2\n    exit 1\nfi\n";
			showEnvVarsInLog = 0;
		};
		ED05624237609309CBA6DDE8 /* [CP] Check Pods Manifest.lock */ = {
			isa = PBXShellScriptBuildPhase;
			buildActionMask = 2147483647;
			files = (
			);
			inputPaths = (
			);
			name = "[CP] Check Pods Manifest.lock";
			outputPaths = (
			);
			runOnlyForDeploymentPostprocessing = 0;
			shellPath = /bin/sh;
			shellScript = "diff \"${PODS_PODFILE_DIR_PATH}/Podfile.lock\" \"${PODS_ROOT}/Manifest.lock\" > /dev/null\nif [ $? != 0 ] ; then\n    # print error to STDERR\n    echo \"error: The sandbox is not in sync with the Podfile.lock. Run 'pod install' or update your CocoaPods installation.\" >&2\n    exit 1\nfi\n";
			showEnvVarsInLog = 0;
		};
		F8B72D1F8EB1E8F2D8F2B8C1 /* [CP] Embed Pods Frameworks */ = {
			isa = PBXShellScriptBuildPhase;
			buildActionMask = 2147483647;
			files = (
			);
			inputPaths = (
			);
			name = "[CP] Embed Pods Frameworks";
			outputPaths = (
			);
			runOnlyForDeploymentPostprocessing = 0;
			shellPath = /bin/sh;
			shellScript = "\"${SRCROOT}/Pods/Target Support Files/Pods-Onigiri/Pods-Onigiri-frameworks.sh\"\n";
			showEnvVarsInLog = 0;
		};
/* End PBXShellScriptBuildPhase section */

/* Begin PBXSourcesBuildPhase section */
		D24DE34B1FBAAC760006DF9E /* Sources */ = {
			isa = PBXSourcesBuildPhase;
			buildActionMask = 2147483647;
			files = (
				D24DE3551FBAAC760006DF9E /* ViewController.swift in Sources */,
				D24DE3531FBAAC760006DF9E /* AppDelegate.swift in Sources */,
				D24DE3821FBAB2B40006DF9E /* UIViewControllerExtension.swift in Sources */,
				D24DE3871FBAB2C20006DF9E /* ExTableViewController.swift in Sources */,
				D24DE3881FBAB2C20006DF9E /* ExNavigationViewController.swift in Sources */,
				D24DE3831FBAB2B40006DF9E /* UIColorExtension.swift in Sources */,
				D24DE3891FBAB2C20006DF9E /* ExTabBarController.swift in Sources */,
			);
			runOnlyForDeploymentPostprocessing = 0;
		};
		D24DE35F1FBAAC760006DF9E /* Sources */ = {
			isa = PBXSourcesBuildPhase;
			buildActionMask = 2147483647;
			files = (
				D24DE3681FBAAC760006DF9E /* OnigiriTests.swift in Sources */,
			);
			runOnlyForDeploymentPostprocessing = 0;
		};
		D24DE36A1FBAAC760006DF9E /* Sources */ = {
			isa = PBXSourcesBuildPhase;
			buildActionMask = 2147483647;
			files = (
				D24DE3731FBAAC760006DF9E /* OnigiriUITests.swift in Sources */,
			);
			runOnlyForDeploymentPostprocessing = 0;
		};
/* End PBXSourcesBuildPhase section */

/* Begin PBXTargetDependency section */
		D24DE3651FBAAC760006DF9E /* PBXTargetDependency */ = {
			isa = PBXTargetDependency;
			target = D24DE34E1FBAAC760006DF9E /* Onigiri */;
			targetProxy = D24DE3641FBAAC760006DF9E /* PBXContainerItemProxy */;
		};
		D24DE3701FBAAC760006DF9E /* PBXTargetDependency */ = {
			isa = PBXTargetDependency;
			target = D24DE34E1FBAAC760006DF9E /* Onigiri */;
			targetProxy = D24DE36F1FBAAC760006DF9E /* PBXContainerItemProxy */;
		};
/* End PBXTargetDependency section */

/* Begin PBXVariantGroup section */
		D24DE3561FBAAC760006DF9E /* Main.storyboard */ = {
			isa = PBXVariantGroup;
			children = (
				D24DE3571FBAAC760006DF9E /* Base */,
			);
			name = Main.storyboard;
			sourceTree = "<group>";
		};
		D24DE35B1FBAAC760006DF9E /* LaunchScreen.storyboard */ = {
			isa = PBXVariantGroup;
			children = (
				D24DE35C1FBAAC760006DF9E /* Base */,
			);
			name = LaunchScreen.storyboard;
			sourceTree = "<group>";
		};
/* End PBXVariantGroup section */

/* Begin XCBuildConfiguration section */
		D24DE3751FBAAC760006DF9E /* Debug */ = {
			isa = XCBuildConfiguration;
			buildSettings = {
				ALWAYS_SEARCH_USER_PATHS = NO;
				CLANG_ANALYZER_NONNULL = YES;
				CLANG_ANALYZER_NUMBER_OBJECT_CONVERSION = YES_AGGRESSIVE;
				CLANG_CXX_LANGUAGE_STANDARD = "gnu++0x";
				CLANG_CXX_LIBRARY = "libc++";
				CLANG_ENABLE_MODULES = YES;
				CLANG_ENABLE_OBJC_ARC = YES;
				CLANG_WARN_BOOL_CONVERSION = YES;
				CLANG_WARN_CONSTANT_CONVERSION = YES;
				CLANG_WARN_DIRECT_OBJC_ISA_USAGE = YES_ERROR;
				CLANG_WARN_DOCUMENTATION_COMMENTS = YES;
				CLANG_WARN_EMPTY_BODY = YES;
				CLANG_WARN_ENUM_CONVERSION = YES;
				CLANG_WARN_INFINITE_RECURSION = YES;
				CLANG_WARN_INT_CONVERSION = YES;
				CLANG_WARN_OBJC_ROOT_CLASS = YES_ERROR;
				CLANG_WARN_SUSPICIOUS_MOVE = YES;
				CLANG_WARN_UNREACHABLE_CODE = YES;
				CLANG_WARN__DUPLICATE_METHOD_MATCH = YES;
				"CODE_SIGN_IDENTITY[sdk=iphoneos*]" = "iPhone Developer";
				COPY_PHASE_STRIP = NO;
				DEBUG_INFORMATION_FORMAT = dwarf;
				ENABLE_STRICT_OBJC_MSGSEND = YES;
				ENABLE_TESTABILITY = YES;
				GCC_C_LANGUAGE_STANDARD = gnu99;
				GCC_DYNAMIC_NO_PIC = NO;
				GCC_NO_COMMON_BLOCKS = YES;
				GCC_OPTIMIZATION_LEVEL = 0;
				GCC_PREPROCESSOR_DEFINITIONS = (
					"DEBUG=1",
					"$(inherited)",
				);
				GCC_WARN_64_TO_32_BIT_CONVERSION = YES;
				GCC_WARN_ABOUT_RETURN_TYPE = YES_ERROR;
				GCC_WARN_UNDECLARED_SELECTOR = YES;
				GCC_WARN_UNINITIALIZED_AUTOS = YES_AGGRESSIVE;
				GCC_WARN_UNUSED_FUNCTION = YES;
				GCC_WARN_UNUSED_VARIABLE = YES;
				IPHONEOS_DEPLOYMENT_TARGET = 10.3;
				MTL_ENABLE_DEBUG_INFO = YES;
				ONLY_ACTIVE_ARCH = YES;
				SDKROOT = iphoneos;
				SWIFT_ACTIVE_COMPILATION_CONDITIONS = DEBUG;
				SWIFT_OPTIMIZATION_LEVEL = "-Onone";
				TARGETED_DEVICE_FAMILY = "1,2";
			};
			name = Debug;
		};
		D24DE3761FBAAC760006DF9E /* Release */ = {
			isa = XCBuildConfiguration;
			buildSettings = {
				ALWAYS_SEARCH_USER_PATHS = NO;
				CLANG_ANALYZER_NONNULL = YES;
				CLANG_ANALYZER_NUMBER_OBJECT_CONVERSION = YES_AGGRESSIVE;
				CLANG_CXX_LANGUAGE_STANDARD = "gnu++0x";
				CLANG_CXX_LIBRARY = "libc++";
				CLANG_ENABLE_MODULES = YES;
				CLANG_ENABLE_OBJC_ARC = YES;
				CLANG_WARN_BOOL_CONVERSION = YES;
				CLANG_WARN_CONSTANT_CONVERSION = YES;
				CLANG_WARN_DIRECT_OBJC_ISA_USAGE = YES_ERROR;
				CLANG_WARN_DOCUMENTATION_COMMENTS = YES;
				CLANG_WARN_EMPTY_BODY = YES;
				CLANG_WARN_ENUM_CONVERSION = YES;
				CLANG_WARN_INFINITE_RECURSION = YES;
				CLANG_WARN_INT_CONVERSION = YES;
				CLANG_WARN_OBJC_ROOT_CLASS = YES_ERROR;
				CLANG_WARN_SUSPICIOUS_MOVE = YES;
				CLANG_WARN_UNREACHABLE_CODE = YES;
				CLANG_WARN__DUPLICATE_METHOD_MATCH = YES;
				"CODE_SIGN_IDENTITY[sdk=iphoneos*]" = "iPhone Developer";
				COPY_PHASE_STRIP = NO;
				DEBUG_INFORMATION_FORMAT = "dwarf-with-dsym";
				ENABLE_NS_ASSERTIONS = NO;
				ENABLE_STRICT_OBJC_MSGSEND = YES;
				GCC_C_LANGUAGE_STANDARD = gnu99;
				GCC_NO_COMMON_BLOCKS = YES;
				GCC_WARN_64_TO_32_BIT_CONVERSION = YES;
				GCC_WARN_ABOUT_RETURN_TYPE = YES_ERROR;
				GCC_WARN_UNDECLARED_SELECTOR = YES;
				GCC_WARN_UNINITIALIZED_AUTOS = YES_AGGRESSIVE;
				GCC_WARN_UNUSED_FUNCTION = YES;
				GCC_WARN_UNUSED_VARIABLE = YES;
				IPHONEOS_DEPLOYMENT_TARGET = 10.3;
				MTL_ENABLE_DEBUG_INFO = NO;
				SDKROOT = iphoneos;
				SWIFT_OPTIMIZATION_LEVEL = "-Owholemodule";
				TARGETED_DEVICE_FAMILY = "1,2";
				VALIDATE_PRODUCT = YES;
			};
			name = Release;
		};
		D24DE3781FBAAC760006DF9E /* Debug */ = {
			isa = XCBuildConfiguration;
			baseConfigurationReference = FB76A9B8C293E1AC5D4D9809 /* Pods-Onigiri.debug.xcconfig */;
			buildSettings = {
				ASSETCATALOG_COMPILER_APPICON_NAME = AppIcon;
				DEVELOPMENT_TEAM = 3BTZN69U72;
				INFOPLIST_FILE = Onigiri/Info.plist;
				LD_RUNPATH_SEARCH_PATHS = "$(inherited) @executable_path/Frameworks";
				PRODUCT_BUNDLE_IDENTIFIER = jp.ac.yuge.nagaolab.Onigiri;
				PRODUCT_NAME = "$(TARGET_NAME)";
				PROVISIONING_PROFILE = "1e2475a0-c90f-47f5-ba8c-cd186b1cff1f";
				PROVISIONING_PROFILE_SPECIFIER = "Onigiri-dev";
				SWIFT_VERSION = 3.0;
			};
			name = Debug;
		};
		D24DE3791FBAAC760006DF9E /* Release */ = {
			isa = XCBuildConfiguration;
			baseConfigurationReference = D21D1F3CE11DD00EF8004BA8 /* Pods-Onigiri.release.xcconfig */;
			buildSettings = {
				ASSETCATALOG_COMPILER_APPICON_NAME = AppIcon;
				"CODE_SIGN_IDENTITY[sdk=iphoneos*]" = "iPhone Distribution";
				DEVELOPMENT_TEAM = 3BTZN69U72;
				INFOPLIST_FILE = Onigiri/Info.plist;
				LD_RUNPATH_SEARCH_PATHS = "$(inherited) @executable_path/Frameworks";
				PRODUCT_BUNDLE_IDENTIFIER = jp.ac.yuge.nagaolab.Onigiri;
				PRODUCT_NAME = "$(TARGET_NAME)";
				PROVISIONING_PROFILE = "57c98fdc-2834-49a3-8107-1c7ff0a4566b";
				PROVISIONING_PROFILE_SPECIFIER = "Onigiri-dist";
				SWIFT_VERSION = 3.0;
			};
			name = Release;
		};
		D24DE37B1FBAAC760006DF9E /* Debug */ = {
			isa = XCBuildConfiguration;
			baseConfigurationReference = A5597DB307EEDE66A55091E1 /* Pods-OnigiriTests.debug.xcconfig */;
			buildSettings = {
				ALWAYS_EMBED_SWIFT_STANDARD_LIBRARIES = YES;
				BUNDLE_LOADER = "$(TEST_HOST)";
				DEVELOPMENT_TEAM = 3BTZN69U72;
				INFOPLIST_FILE = OnigiriTests/Info.plist;
				LD_RUNPATH_SEARCH_PATHS = "$(inherited) @executable_path/Frameworks @loader_path/Frameworks";
				PRODUCT_BUNDLE_IDENTIFIER = jp.ac.yuge.nagaolab.OnigiriTests;
				PRODUCT_NAME = "$(TARGET_NAME)";
				SWIFT_VERSION = 3.0;
				TEST_HOST = "$(BUILT_PRODUCTS_DIR)/Onigiri.app/Onigiri";
			};
			name = Debug;
		};
		D24DE37C1FBAAC760006DF9E /* Release */ = {
			isa = XCBuildConfiguration;
			baseConfigurationReference = 8D7CCCAF5A05FB5D821E358A /* Pods-OnigiriTests.release.xcconfig */;
			buildSettings = {
				ALWAYS_EMBED_SWIFT_STANDARD_LIBRARIES = YES;
				BUNDLE_LOADER = "$(TEST_HOST)";
				DEVELOPMENT_TEAM = 3BTZN69U72;
				INFOPLIST_FILE = OnigiriTests/Info.plist;
				LD_RUNPATH_SEARCH_PATHS = "$(inherited) @executable_path/Frameworks @loader_path/Frameworks";
				PRODUCT_BUNDLE_IDENTIFIER = jp.ac.yuge.nagaolab.OnigiriTests;
				PRODUCT_NAME = "$(TARGET_NAME)";
				SWIFT_VERSION = 3.0;
				TEST_HOST = "$(BUILT_PRODUCTS_DIR)/Onigiri.app/Onigiri";
			};
			name = Release;
		};
		D24DE37E1FBAAC760006DF9E /* Debug */ = {
			isa = XCBuildConfiguration;
			baseConfigurationReference = 6B77671E8E410A7FC23A5B59 /* Pods-OnigiriUITests.debug.xcconfig */;
			buildSettings = {
				ALWAYS_EMBED_SWIFT_STANDARD_LIBRARIES = YES;
				DEVELOPMENT_TEAM = 3BTZN69U72;
				INFOPLIST_FILE = OnigiriUITests/Info.plist;
				LD_RUNPATH_SEARCH_PATHS = "$(inherited) @executable_path/Frameworks @loader_path/Frameworks";
				PRODUCT_BUNDLE_IDENTIFIER = jp.ac.yuge.nagaolab.OnigiriUITests;
				PRODUCT_NAME = "$(TARGET_NAME)";
				SWIFT_VERSION = 3.0;
				TEST_TARGET_NAME = Onigiri;
			};
			name = Debug;
		};
		D24DE37F1FBAAC760006DF9E /* Release */ = {
			isa = XCBuildConfiguration;
			baseConfigurationReference = EBF88E551974D99BC5C12756 /* Pods-OnigiriUITests.release.xcconfig */;
			buildSettings = {
				ALWAYS_EMBED_SWIFT_STANDARD_LIBRARIES = YES;
				DEVELOPMENT_TEAM = 3BTZN69U72;
				INFOPLIST_FILE = OnigiriUITests/Info.plist;
				LD_RUNPATH_SEARCH_PATHS = "$(inherited) @executable_path/Frameworks @loader_path/Frameworks";
				PRODUCT_BUNDLE_IDENTIFIER = jp.ac.yuge.nagaolab.OnigiriUITests;
				PRODUCT_NAME = "$(TARGET_NAME)";
				SWIFT_VERSION = 3.0;
				TEST_TARGET_NAME = Onigiri;
			};
			name = Release;
		};
/* End XCBuildConfiguration section */

/* Begin XCConfigurationList section */
		D24DE34A1FBAAC760006DF9E /* Build configuration list for PBXProject "Onigiri" */ = {
			isa = XCConfigurationList;
			buildConfigurations = (
				D24DE3751FBAAC760006DF9E /* Debug */,
				D24DE3761FBAAC760006DF9E /* Release */,
			);
			defaultConfigurationIsVisible = 0;
			defaultConfigurationName = Release;
		};
		D24DE3771FBAAC760006DF9E /* Build configuration list for PBXNativeTarget "Onigiri" */ = {
			isa = XCConfigurationList;
			buildConfigurations = (
				D24DE3781FBAAC760006DF9E /* Debug */,
				D24DE3791FBAAC760006DF9E /* Release */,
			);
			defaultConfigurationIsVisible = 0;
			defaultConfigurationName = Release;
		};
		D24DE37A1FBAAC760006DF9E /* Build configuration list for PBXNativeTarget "OnigiriTests" */ = {
			isa = XCConfigurationList;
			buildConfigurations = (
				D24DE37B1FBAAC760006DF9E /* Debug */,
				D24DE37C1FBAAC760006DF9E /* Release */,
			);
			defaultConfigurationIsVisible = 0;
			defaultConfigurationName = Release;
		};
		D24DE37D1FBAAC760006DF9E /* Build configuration list for PBXNativeTarget "OnigiriUITests" */ = {
			isa = XCConfigurationList;
			buildConfigurations = (
				D24DE37E1FBAAC760006DF9E /* Debug */,
				D24DE37F1FBAAC760006DF9E /* Release */,
			);
			defaultConfigurationIsVisible = 0;
			defaultConfigurationName = Release;
		};
/* End XCConfigurationList section */
	};
	rootObject = D24DE3471FBAAC760006DF9E /* Project object */;
}
